# This file was autogenerated by Stack.
# You should not edit this file by hand.
# For more information, please see the documentation at:
#   https://docs.haskellstack.org/en/stable/lock_files

snapshots:
- original: lts-16.14
  completed:
    sha256: 1ef27e36f38824abafc43224ca612211b3828fa9ffd31ba0fc2867ae2e19ba90
    url: https://raw.githubusercontent.com/commercialhaskell/stackage-snapshots/master/lts/16/14.yaml
    size: 532382
packages:
- original:
    hackage: text-format-0.3.2@sha256:2a3fc17cf87120fcfdbca62a0da59759755549285841cdc1483081c35fb3d115,1814
  completed:
    pantry-tree:
      sha256: 2db26ddb77184186e0d5b2b020bdfbeb044c168024767b1fa3691682ca618896
      size: 1029
    hackage: text-format-0.3.2@sha256:2a3fc17cf87120fcfdbca62a0da59759755549285841cdc1483081c35fb3d115,1814
