# This file was autogenerated by Stack.
# You should not edit this file by hand.
# For more information, please see the documentation at:
#   https://docs.haskellstack.org/en/stable/lock_files

packages:
- completed:
    hackage: text-format-0.3.2@sha256:2a3fc17cf87120fcfdbca62a0da59759755549285841cdc1483081c35fb3d115,1814
    pantry-tree:
      sha256: 2db26ddb77184186e0d5b2b020bdfbeb044c168024767b1fa3691682ca618896
      size: 1029
  original:
    hackage: text-format-0.3.2@sha256:2a3fc17cf87120fcfdbca62a0da59759755549285841cdc1483081c35fb3d115,1814
snapshots:
- completed:
    sha256: 7f47507fd037228a8d23cf830f5844e1f006221acebdd7cb49f2f5fb561e0546
    size: 619161
    url: https://raw.githubusercontent.com/commercialhaskell/stackage-snapshots/master/lts/19/17.yaml
  original:
    url: https://raw.githubusercontent.com/commercialhaskell/stackage-snapshots/master/lts/19/17.yaml
